schema: '2.0'
stages:
  train:
    cmd: python3 train.py
    deps:
    - path: data
      hash: md5
      md5: 053b72b21f7862f0eb1742247b3e9ea8.dir
      size: 91997
      nfiles: 1
    - path: train.py
      hash: md5
      md5: 7b0bad98e421d98ebe3fe795c22516d9
      size: 3585
    outs:
    - path: metrics.csv
      hash: md5
      md5: 3c6510273cf551f349078a3bf2857fb0
      size: 52
    - path: models/model.joblib
      hash: md5
      md5: 86a9702915aecf855bd735897cfe2190
      size: 3962785
