schema: '2.0'
stages:
  train:
    cmd: python3 train.py
    deps:
    - path: data
      hash: md5
      md5: 053b72b21f7862f0eb1742247b3e9ea8.dir
      size: 91997
      nfiles: 1
    - path: train.py
      hash: md5
      md5: af7d629bb250511d235353a3475a766e
      size: 3584
    outs:
    - path: metrics.csv
      hash: md5
      md5: 702f77b04be3e2bb4a8f7a60156b3c34
      size: 53
    - path: models/model.joblib
      hash: md5
      md5: 1978c1c45e65b38225be06e34feb4bc5
      size: 3977905
